
Microsoft Visual Studio Solution File, Format Version 12.00
# Visual Studio Version 16
VisualStudioVersion = 16.0.29926.136
MinimumVisualStudioVersion = 10.0.40219.1
Project("{FAE04EC0-301F-11D3-BF4B-00C04F79EFBC}") = "InjenerLab5", "InjenerLab5\InjenerLab5.csproj", "{31BC9447-915A-4A52-92EF-58CA730211E7}"
EndProject
Project("{FAE04EC0-301F-11D3-BF4B-00C04F79EFBC}") = "InjenerLab5.Test", "InjenerLab5.Test\InjenerLab5.Test.csproj", "{629B2E3F-82B8-4004-A71F-1DC3A1C00B8F}"
EndProject
Global
	GlobalSection(SolutionConfigurationPlatforms) = preSolution
		Debug|Any CPU = Debug|Any CPU
		Release|Any CPU = Release|Any CPU
	EndGlobalSection
	GlobalSection(ProjectConfigurationPlatforms) = postSolution
		{31BC9447-915A-4A52-92EF-58CA730211E7}.Debug|Any CPU.ActiveCfg = Debug|Any CPU
		{31BC9447-915A-4A52-92EF-58CA730211E7}.Debug|Any CPU.Build.0 = Debug|Any CPU
		{31BC9447-915A-4A52-92EF-58CA730211E7}.Release|Any CPU.ActiveCfg = Release|Any CPU
		{31BC9447-915A-4A52-92EF-58CA730211E7}.Release|Any CPU.Build.0 = Release|Any CPU
		{629B2E3F-82B8-4004-A71F-1DC3A1C00B8F}.Debug|Any CPU.ActiveCfg = Debug|Any CPU
		{629B2E3F-82B8-4004-A71F-1DC3A1C00B8F}.Debug|Any CPU.Build.0 = Debug|Any CPU
		{629B2E3F-82B8-4004-A71F-1DC3A1C00B8F}.Release|Any CPU.ActiveCfg = Release|Any CPU
		{629B2E3F-82B8-4004-A71F-1DC3A1C00B8F}.Release|Any CPU.Build.0 = Release|Any CPU
	EndGlobalSection
	GlobalSection(SolutionProperties) = preSolution
		HideSolutionNode = FALSE
	EndGlobalSection
	GlobalSection(ExtensibilityGlobals) = postSolution
		SolutionGuid = {24F60A8C-DA7B-4BEA-9970-CDA76F476CAB}
	EndGlobalSection
EndGlobal
